
Microsoft Visual Studio Solution File, Format Version 12.00
# Visual Studio Version 17
VisualStudioVersion = 17.9.34728.123
MinimumVisualStudioVersion = 10.0.40219.1
Project("{9A19103F-16F7-4668-BE54-9A1E7A4F7556}") = "CoffeeApplication", "CoffeeApplication\CoffeeApplication.csproj", "{F181DF4F-B7E6-4D34-B14B-E5AE11A4235E}"
EndProject
Project("{9A19103F-16F7-4668-BE54-9A1E7A4F7556}") = "CoffeeApplication.Api", "CoffeeApplication.Api\CoffeeApplication.Api.csproj", "{42EE1958-F383-4750-BA0E-EDFAB1DCE92E}"
EndProject
Project("{9A19103F-16F7-4668-BE54-9A1E7A4F7556}") = "CoffeeApplication.Data", "CoffeeApplication.Data\CoffeeApplication.Data.csproj", "{B1BFBD44-4CE7-4B49-A99D-A57F5D1B2853}"
EndProject
Project("{FAE04EC0-301F-11D3-BF4B-00C04F79EFBC}") = "CoffeeApplication.Common", "CoffeeApplication.Common\CoffeeApplication.Common.csproj", "{34868031-1F66-4E0F-86A7-9B863F180D2C}"
EndProject
Project("{FAE04EC0-301F-11D3-BF4B-00C04F79EFBC}") = "CoffeeApplication.BusinessLogic", "CoffeeApplication.BusinessLogic\CoffeeApplication.BusinessLogic.csproj", "{2EC8DC13-6937-4A4F-91EE-5646902AC485}"
EndProject
Global
	GlobalSection(SolutionConfigurationPlatforms) = preSolution
		Debug|Any CPU = Debug|Any CPU
		Release|Any CPU = Release|Any CPU
	EndGlobalSection
	GlobalSection(ProjectConfigurationPlatforms) = postSolution
		{F181DF4F-B7E6-4D34-B14B-E5AE11A4235E}.Debug|Any CPU.ActiveCfg = Debug|Any CPU
		{F181DF4F-B7E6-4D34-B14B-E5AE11A4235E}.Debug|Any CPU.Build.0 = Debug|Any CPU
		{F181DF4F-B7E6-4D34-B14B-E5AE11A4235E}.Release|Any CPU.ActiveCfg = Release|Any CPU
		{F181DF4F-B7E6-4D34-B14B-E5AE11A4235E}.Release|Any CPU.Build.0 = Release|Any CPU
		{42EE1958-F383-4750-BA0E-EDFAB1DCE92E}.Debug|Any CPU.ActiveCfg = Debug|Any CPU
		{42EE1958-F383-4750-BA0E-EDFAB1DCE92E}.Debug|Any CPU.Build.0 = Debug|Any CPU
		{42EE1958-F383-4750-BA0E-EDFAB1DCE92E}.Release|Any CPU.ActiveCfg = Release|Any CPU
		{42EE1958-F383-4750-BA0E-EDFAB1DCE92E}.Release|Any CPU.Build.0 = Release|Any CPU
		{B1BFBD44-4CE7-4B49-A99D-A57F5D1B2853}.Debug|Any CPU.ActiveCfg = Debug|Any CPU
		{B1BFBD44-4CE7-4B49-A99D-A57F5D1B2853}.Debug|Any CPU.Build.0 = Debug|Any CPU
		{B1BFBD44-4CE7-4B49-A99D-A57F5D1B2853}.Release|Any CPU.ActiveCfg = Release|Any CPU
		{B1BFBD44-4CE7-4B49-A99D-A57F5D1B2853}.Release|Any CPU.Build.0 = Release|Any CPU
		{34868031-1F66-4E0F-86A7-9B863F180D2C}.Debug|Any CPU.ActiveCfg = Debug|Any CPU
		{34868031-1F66-4E0F-86A7-9B863F180D2C}.Debug|Any CPU.Build.0 = Debug|Any CPU
		{34868031-1F66-4E0F-86A7-9B863F180D2C}.Release|Any CPU.ActiveCfg = Release|Any CPU
		{34868031-1F66-4E0F-86A7-9B863F180D2C}.Release|Any CPU.Build.0 = Release|Any CPU
		{2EC8DC13-6937-4A4F-91EE-5646902AC485}.Debug|Any CPU.ActiveCfg = Debug|Any CPU
		{2EC8DC13-6937-4A4F-91EE-5646902AC485}.Debug|Any CPU.Build.0 = Debug|Any CPU
		{2EC8DC13-6937-4A4F-91EE-5646902AC485}.Release|Any CPU.ActiveCfg = Release|Any CPU
		{2EC8DC13-6937-4A4F-91EE-5646902AC485}.Release|Any CPU.Build.0 = Release|Any CPU
	EndGlobalSection
	GlobalSection(SolutionProperties) = preSolution
		HideSolutionNode = FALSE
	EndGlobalSection
	GlobalSection(ExtensibilityGlobals) = postSolution
		SolutionGuid = {8ED99A2B-A252-44E6-A8D6-9C7C0CBC2A22}
	EndGlobalSection
EndGlobal
